
Microsoft Visual Studio Solution File, Format Version 11.00
# Visual Studio 2010
Project("{2150E333-8FDC-42A3-9474-1A3956D46DE8}") = "05", "05", "{7C609BE7-FDF2-4624-AED3-0E9B9201DC57}"
EndProject
Project("{2150E333-8FDC-42A3-9474-1A3956D46DE8}") = "01", "01", "{C12A0960-97AA-4AF6-AE24-18E82AED0B54}"
EndProject
Project("{2150E333-8FDC-42A3-9474-1A3956D46DE8}") = "02", "02", "{F1E37594-059B-4198-8FEE-531ED114DC08}"
EndProject
Project("{2150E333-8FDC-42A3-9474-1A3956D46DE8}") = "03", "03", "{292620B6-EED1-4C1E-B306-BD413277CBE3}"
EndProject
Project("{2150E333-8FDC-42A3-9474-1A3956D46DE8}") = "04", "04", "{D60A1685-F5DD-4EF4-941F-A8752CEF07FF}"
EndProject
Project("{2150E333-8FDC-42A3-9474-1A3956D46DE8}") = "06", "06", "{11E5EB2F-EF8A-4511-A261-4AC2BEAE5243}"
EndProject
Project("{2150E333-8FDC-42A3-9474-1A3956D46DE8}") = "ch13", "ch13", "{164D94C9-2D5A-483D-A784-A8F2B8F1E929}"
EndProject
Project("{2150E333-8FDC-42A3-9474-1A3956D46DE8}") = "ch14", "ch14", "{6061FDFA-046F-468B-8761-44B4AE5891C1}"
EndProject
Project("{FAE04EC0-301F-11D3-BF4B-00C04F79EFBC}") = "Anytao.Inside.Ch13.LinqStory", "05\ch13\Anytao.Inside.Ch13.LinqStory\Anytao.Inside.Ch13.LinqStory.csproj", "{C10DBF57-AC52-4FE5-9FE5-559D1CFCD9B4}"
EndProject
Project("{2150E333-8FDC-42A3-9474-1A3956D46DE8}") = "_Test", "_Test", "{910358D6-46C8-4F53-9D5F-950CBD89DA36}"
EndProject
Project("{2150E333-8FDC-42A3-9474-1A3956D46DE8}") = "_build", "_build", "{A93A76AA-574B-46FC-A2BE-C41E53FFF07C}"
EndProject
Project("{FAE04EC0-301F-11D3-BF4B-00C04F79EFBC}") = "Anytao.Inside.Ch13.Test", "05\ch13\_Test\Anytao.Inside.Ch13.Test\Anytao.Inside.Ch13.Test.csproj", "{2672AB6C-AB70-43F9-AE2B-9938F6837F0A}"
EndProject
Project("{2150E333-8FDC-42A3-9474-1A3956D46DE8}") = "ch15", "ch15", "{9DCDF6FF-955A-4EC6-9299-CF520355748D}"
EndProject
Project("{2150E333-8FDC-42A3-9474-1A3956D46DE8}") = "_Test", "_Test", "{EC6367E6-CAD7-48C1-BCD2-322A2B386CC8}"
EndProject
Project("{2150E333-8FDC-42A3-9474-1A3956D46DE8}") = "_Test", "_Test", "{1550C9C0-7D26-4C83-84C6-7231F05310DA}"
EndProject
Project("{FAE04EC0-301F-11D3-BF4B-00C04F79EFBC}") = "Anytao.Inside.Ch14.Dynamic", "05\ch14\Anytao.Inside.Ch14.Dynamic\Anytao.Inside.Ch14.Dynamic.csproj", "{6A6ED0E0-A757-4989-ACC1-5DEE7E4CF23F}"
EndProject
Project("{FAE04EC0-301F-11D3-BF4B-00C04F79EFBC}") = "Anytao.Inside.Ch14.Test", "05\ch14\_Test\Anytao.Inside.Ch14.Test\Anytao.Inside.Ch14.Test.csproj", "{00D337F5-92FD-4EDE-B5B8-1985A6E8AC1A}"
EndProject
Project("{FAE04EC0-301F-11D3-BF4B-00C04F79EFBC}") = "Anytao.Inside.Ch14.DynamicViewBag", "05\ch14\Anytao.Inside.Ch14.DynamicViewBag\Anytao.Inside.Ch14.DynamicViewBag.csproj", "{05B32742-1DC2-4B86-8BD8-A07C36588BB2}"
EndProject
Project("{FAE04EC0-301F-11D3-BF4B-00C04F79EFBC}") = "Anytao.Inside.Ch14.Param", "05\ch14\Anytao.Inside.Ch14.Param\Anytao.Inside.Ch14.Param.csproj", "{06876AEE-0715-4A43-B226-025B6656BDCB}"
EndProject
Project("{FAE04EC0-301F-11D3-BF4B-00C04F79EFBC}") = "Anytao.Inside.Ch14.Parallel", "05\ch14\Anytao.Inside.Ch14.Parallel\Anytao.Inside.Ch14.Parallel.csproj", "{143AEC48-116E-46B9-8E71-8B387E65904F}"
EndProject
Project("{FAE04EC0-301F-11D3-BF4B-00C04F79EFBC}") = "Anytao.Inside.Ch14.Covariant", "05\ch14\Anytao.Inside.Ch14.Covariant\Anytao.Inside.Ch14.Covariant.csproj", "{36A76CAB-C0C6-40A9-920B-09BDEAA1A9D8}"
EndProject
Project("{FAE04EC0-301F-11D3-BF4B-00C04F79EFBC}") = "Anytao.Inside.Ch14.Lazy", "05\ch14\Anytao.Inside.Ch14.Lazy\Anytao.Inside.Ch14.Lazy.csproj", "{288F7E13-FC43-4BB8-B90C-36FDB49208A5}"
EndProject
Project("{FAE04EC0-301F-11D3-BF4B-00C04F79EFBC}") = "Anytao.Inside.Ch14.Tuple", "05\ch14\Anytao.Inside.Ch14.Tuple\Anytao.Inside.Ch14.Tuple.csproj", "{D46B2942-C454-41E7-947D-725B883F7DBE}"
EndProject
Project("{2150E333-8FDC-42A3-9474-1A3956D46DE8}") = "ch07", "ch07", "{AC927DCA-BA5D-4877-8F18-B0685DF98A83}"
EndProject
Project("{FAE04EC0-301F-11D3-BF4B-00C04F79EFBC}") = "Anytao.Inside.Ch07.NULL", "03\ch07\Anytao.Inside.Ch07.NULL\Anytao.Inside.Ch07.NULL.csproj", "{966C5D9E-79BD-469B-A533-203220A1AE02}"
EndProject
Project("{2150E333-8FDC-42A3-9474-1A3956D46DE8}") = "ch09", "ch09", "{214DF1E6-A319-4B65-A56B-8768D71CEA2E}"
EndProject
Project("{FAE04EC0-301F-11D3-BF4B-00C04F79EFBC}") = "Anytao.Inside.Ch09.Ctor", "03\ch09\Anytao.Inside.Ch09.Ctor\Anytao.Inside.Ch09.Ctor.csproj", "{E510CEA5-E17F-4A9D-A144-D21FCB9D307C}"
EndProject
Project("{FAE04EC0-301F-11D3-BF4B-00C04F79EFBC}") = "Anytao.Inside.Ch09.Naming", "03\ch09\Anytao.Inside.Ch09.Naming\Anytao.Inside.Ch09.Naming.csproj", "{D50006A8-5551-41A7-8988-6ED400F5CD50}"
EndProject
Project("{FAE04EC0-301F-11D3-BF4B-00C04F79EFBC}") = "Anytao.Inside.Ch09.String", "03\ch09\Anytao.Inside.Ch09.String\Anytao.Inside.Ch09.String.csproj", "{0FC5D18A-E78F-470B-B7AE-AA489CBE3E86}"
EndProject
Project("{2150E333-8FDC-42A3-9474-1A3956D46DE8}") = "ch03", "ch03", "{887D98F5-642C-42EB-9BD1-7518638D7B53}"
EndProject
Project("{FAE04EC0-301F-11D3-BF4B-00C04F79EFBC}") = "Anytao.Inside.Ch03.Dependence", "01\ch03\Anytao.Inside.Ch03.Dependence\Anytao.Inside.Ch03.Dependence.csproj", "{D961D841-33F6-4A56-BFF1-C3B684A35342}"
EndProject
Project("{2150E333-8FDC-42A3-9474-1A3956D46DE8}") = "ch08", "ch08", "{2502EC9A-239A-4029-98BD-C0969DB3442D}"
EndProject
Project("{FAE04EC0-301F-11D3-BF4B-00C04F79EFBC}") = "Anytao.Inside.Ch08.AttributeEx", "03\ch08\Anytao.Inside.Ch08.AttributeEx\Anytao.Inside.Ch08.AttributeEx.csproj", "{E132AD73-67C7-49E7-9133-8BBE0D96FC29}"
EndProject
Project("{FAE04EC0-301F-11D3-BF4B-00C04F79EFBC}") = "Anytao.Inside.Ch03.Closure", "01\ch03\Anytao.Inside.Ch03.Closure\Anytao.Inside.Ch03.Closure.csproj", "{9276756E-F678-445A-A4E7-07EB28FEFA6E}"
EndProject
Project("{FAE04EC0-301F-11D3-BF4B-00C04F79EFBC}") = "Anytao.Inside.Ch03.GoodCode", "01\ch03\Anytao.Inside.Ch03.GoodCode\Anytao.Inside.Ch03.GoodCode.csproj", "{A5A2D3D6-EAC2-4857-A58E-4D4B9EDFD95B}"
EndProject
Project("{2150E333-8FDC-42A3-9474-1A3956D46DE8}") = "ch11", "ch11", "{33E073E7-55F4-4F0C-BBF7-3400FC22D7EB}"
EndProject
Project("{FAE04EC0-301F-11D3-BF4B-00C04F79EFBC}") = "Anytao.Inside.Ch11.BestGeneric", "04\ch11\Anytao.Inside.Ch11.BestGeneric\Anytao.Inside.Ch11.BestGeneric.csproj", "{13E6F4E0-110B-4DBC-9A03-E58FCD542C05}"
EndProject
Project("{2150E333-8FDC-42A3-9474-1A3956D46DE8}") = "_doc", "_doc", "{0928CAA3-A70A-42D9-BE8A-B5D1C09167A9}"
	ProjectSection(SolutionItems) = preProject
		_doc\README.txt = _doc\README.txt
	EndProjectSection
EndProject
Global
	GlobalSection(SolutionConfigurationPlatforms) = preSolution
		Debug|Any CPU = Debug|Any CPU
		Debug|Mixed Platforms = Debug|Mixed Platforms
		Debug|x86 = Debug|x86
		Release|Any CPU = Release|Any CPU
		Release|Mixed Platforms = Release|Mixed Platforms
		Release|x86 = Release|x86
	EndGlobalSection
	GlobalSection(ProjectConfigurationPlatforms) = postSolution
		{C10DBF57-AC52-4FE5-9FE5-559D1CFCD9B4}.Debug|Any CPU.ActiveCfg = Debug|Any CPU
		{C10DBF57-AC52-4FE5-9FE5-559D1CFCD9B4}.Debug|Any CPU.Build.0 = Debug|Any CPU
		{C10DBF57-AC52-4FE5-9FE5-559D1CFCD9B4}.Debug|Mixed Platforms.ActiveCfg = Debug|Any CPU
		{C10DBF57-AC52-4FE5-9FE5-559D1CFCD9B4}.Debug|Mixed Platforms.Build.0 = Debug|Any CPU
		{C10DBF57-AC52-4FE5-9FE5-559D1CFCD9B4}.Debug|x86.ActiveCfg = Debug|Any CPU
		{C10DBF57-AC52-4FE5-9FE5-559D1CFCD9B4}.Release|Any CPU.ActiveCfg = Release|Any CPU
		{C10DBF57-AC52-4FE5-9FE5-559D1CFCD9B4}.Release|Any CPU.Build.0 = Release|Any CPU
		{C10DBF57-AC52-4FE5-9FE5-559D1CFCD9B4}.Release|Mixed Platforms.ActiveCfg = Release|Any CPU
		{C10DBF57-AC52-4FE5-9FE5-559D1CFCD9B4}.Release|Mixed Platforms.Build.0 = Release|Any CPU
		{C10DBF57-AC52-4FE5-9FE5-559D1CFCD9B4}.Release|x86.ActiveCfg = Release|Any CPU
		{2672AB6C-AB70-43F9-AE2B-9938F6837F0A}.Debug|Any CPU.ActiveCfg = Debug|Any CPU
		{2672AB6C-AB70-43F9-AE2B-9938F6837F0A}.Debug|Any CPU.Build.0 = Debug|Any CPU
		{2672AB6C-AB70-43F9-AE2B-9938F6837F0A}.Debug|Mixed Platforms.ActiveCfg = Debug|Any CPU
		{2672AB6C-AB70-43F9-AE2B-9938F6837F0A}.Debug|Mixed Platforms.Build.0 = Debug|Any CPU
		{2672AB6C-AB70-43F9-AE2B-9938F6837F0A}.Debug|x86.ActiveCfg = Debug|Any CPU
		{2672AB6C-AB70-43F9-AE2B-9938F6837F0A}.Release|Any CPU.ActiveCfg = Release|Any CPU
		{2672AB6C-AB70-43F9-AE2B-9938F6837F0A}.Release|Any CPU.Build.0 = Release|Any CPU
		{2672AB6C-AB70-43F9-AE2B-9938F6837F0A}.Release|Mixed Platforms.ActiveCfg = Release|Any CPU
		{2672AB6C-AB70-43F9-AE2B-9938F6837F0A}.Release|Mixed Platforms.Build.0 = Release|Any CPU
		{2672AB6C-AB70-43F9-AE2B-9938F6837F0A}.Release|x86.ActiveCfg = Release|Any CPU
		{6A6ED0E0-A757-4989-ACC1-5DEE7E4CF23F}.Debug|Any CPU.ActiveCfg = Debug|Any CPU
		{6A6ED0E0-A757-4989-ACC1-5DEE7E4CF23F}.Debug|Any CPU.Build.0 = Debug|Any CPU
		{6A6ED0E0-A757-4989-ACC1-5DEE7E4CF23F}.Debug|Mixed Platforms.ActiveCfg = Debug|Any CPU
		{6A6ED0E0-A757-4989-ACC1-5DEE7E4CF23F}.Debug|Mixed Platforms.Build.0 = Debug|Any CPU
		{6A6ED0E0-A757-4989-ACC1-5DEE7E4CF23F}.Debug|x86.ActiveCfg = Debug|Any CPU
		{6A6ED0E0-A757-4989-ACC1-5DEE7E4CF23F}.Release|Any CPU.ActiveCfg = Release|Any CPU
		{6A6ED0E0-A757-4989-ACC1-5DEE7E4CF23F}.Release|Any CPU.Build.0 = Release|Any CPU
		{6A6ED0E0-A757-4989-ACC1-5DEE7E4CF23F}.Release|Mixed Platforms.ActiveCfg = Release|Any CPU
		{6A6ED0E0-A757-4989-ACC1-5DEE7E4CF23F}.Release|Mixed Platforms.Build.0 = Release|Any CPU
		{6A6ED0E0-A757-4989-ACC1-5DEE7E4CF23F}.Release|x86.ActiveCfg = Release|Any CPU
		{00D337F5-92FD-4EDE-B5B8-1985A6E8AC1A}.Debug|Any CPU.ActiveCfg = Debug|Any CPU
		{00D337F5-92FD-4EDE-B5B8-1985A6E8AC1A}.Debug|Any CPU.Build.0 = Debug|Any CPU
		{00D337F5-92FD-4EDE-B5B8-1985A6E8AC1A}.Debug|Mixed Platforms.ActiveCfg = Debug|Any CPU
		{00D337F5-92FD-4EDE-B5B8-1985A6E8AC1A}.Debug|Mixed Platforms.Build.0 = Debug|Any CPU
		{00D337F5-92FD-4EDE-B5B8-1985A6E8AC1A}.Debug|x86.ActiveCfg = Debug|Any CPU
		{00D337F5-92FD-4EDE-B5B8-1985A6E8AC1A}.Release|Any CPU.ActiveCfg = Release|Any CPU
		{00D337F5-92FD-4EDE-B5B8-1985A6E8AC1A}.Release|Any CPU.Build.0 = Release|Any CPU
		{00D337F5-92FD-4EDE-B5B8-1985A6E8AC1A}.Release|Mixed Platforms.ActiveCfg = Release|Any CPU
		{00D337F5-92FD-4EDE-B5B8-1985A6E8AC1A}.Release|Mixed Platforms.Build.0 = Release|Any CPU
		{00D337F5-92FD-4EDE-B5B8-1985A6E8AC1A}.Release|x86.ActiveCfg = Release|Any CPU
		{05B32742-1DC2-4B86-8BD8-A07C36588BB2}.Debug|Any CPU.ActiveCfg = Debug|Any CPU
		{05B32742-1DC2-4B86-8BD8-A07C36588BB2}.Debug|Any CPU.Build.0 = Debug|Any CPU
		{05B32742-1DC2-4B86-8BD8-A07C36588BB2}.Debug|Mixed Platforms.ActiveCfg = Debug|Any CPU
		{05B32742-1DC2-4B86-8BD8-A07C36588BB2}.Debug|Mixed Platforms.Build.0 = Debug|Any CPU
		{05B32742-1DC2-4B86-8BD8-A07C36588BB2}.Debug|x86.ActiveCfg = Debug|Any CPU
		{05B32742-1DC2-4B86-8BD8-A07C36588BB2}.Release|Any CPU.ActiveCfg = Release|Any CPU
		{05B32742-1DC2-4B86-8BD8-A07C36588BB2}.Release|Any CPU.Build.0 = Release|Any CPU
		{05B32742-1DC2-4B86-8BD8-A07C36588BB2}.Release|Mixed Platforms.ActiveCfg = Release|Any CPU
		{05B32742-1DC2-4B86-8BD8-A07C36588BB2}.Release|Mixed Platforms.Build.0 = Release|Any CPU
		{05B32742-1DC2-4B86-8BD8-A07C36588BB2}.Release|x86.ActiveCfg = Release|Any CPU
		{06876AEE-0715-4A43-B226-025B6656BDCB}.Debug|Any CPU.ActiveCfg = Debug|x86
		{06876AEE-0715-4A43-B226-025B6656BDCB}.Debug|Mixed Platforms.ActiveCfg = Debug|x86
		{06876AEE-0715-4A43-B226-025B6656BDCB}.Debug|Mixed Platforms.Build.0 = Debug|x86
		{06876AEE-0715-4A43-B226-025B6656BDCB}.Debug|x86.ActiveCfg = Debug|x86
		{06876AEE-0715-4A43-B226-025B6656BDCB}.Debug|x86.Build.0 = Debug|x86
		{06876AEE-0715-4A43-B226-025B6656BDCB}.Release|Any CPU.ActiveCfg = Release|x86
		{06876AEE-0715-4A43-B226-025B6656BDCB}.Release|Mixed Platforms.ActiveCfg = Release|x86
		{06876AEE-0715-4A43-B226-025B6656BDCB}.Release|Mixed Platforms.Build.0 = Release|x86
		{06876AEE-0715-4A43-B226-025B6656BDCB}.Release|x86.ActiveCfg = Release|x86
		{06876AEE-0715-4A43-B226-025B6656BDCB}.Release|x86.Build.0 = Release|x86
		{143AEC48-116E-46B9-8E71-8B387E65904F}.Debug|Any CPU.ActiveCfg = Debug|x86
		{143AEC48-116E-46B9-8E71-8B387E65904F}.Debug|Mixed Platforms.ActiveCfg = Debug|x86
		{143AEC48-116E-46B9-8E71-8B387E65904F}.Debug|Mixed Platforms.Build.0 = Debug|x86
		{143AEC48-116E-46B9-8E71-8B387E65904F}.Debug|x86.ActiveCfg = Debug|x86
		{143AEC48-116E-46B9-8E71-8B387E65904F}.Debug|x86.Build.0 = Debug|x86
		{143AEC48-116E-46B9-8E71-8B387E65904F}.Release|Any CPU.ActiveCfg = Release|x86
		{143AEC48-116E-46B9-8E71-8B387E65904F}.Release|Mixed Platforms.ActiveCfg = Release|x86
		{143AEC48-116E-46B9-8E71-8B387E65904F}.Release|Mixed Platforms.Build.0 = Release|x86
		{143AEC48-116E-46B9-8E71-8B387E65904F}.Release|x86.ActiveCfg = Release|x86
		{143AEC48-116E-46B9-8E71-8B387E65904F}.Release|x86.Build.0 = Release|x86
		{36A76CAB-C0C6-40A9-920B-09BDEAA1A9D8}.Debug|Any CPU.ActiveCfg = Debug|x86
		{36A76CAB-C0C6-40A9-920B-09BDEAA1A9D8}.Debug|Mixed Platforms.ActiveCfg = Debug|x86
		{36A76CAB-C0C6-40A9-920B-09BDEAA1A9D8}.Debug|Mixed Platforms.Build.0 = Debug|x86
		{36A76CAB-C0C6-40A9-920B-09BDEAA1A9D8}.Debug|x86.ActiveCfg = Debug|x86
		{36A76CAB-C0C6-40A9-920B-09BDEAA1A9D8}.Debug|x86.Build.0 = Debug|x86
		{36A76CAB-C0C6-40A9-920B-09BDEAA1A9D8}.Release|Any CPU.ActiveCfg = Release|x86
		{36A76CAB-C0C6-40A9-920B-09BDEAA1A9D8}.Release|Mixed Platforms.ActiveCfg = Release|x86
		{36A76CAB-C0C6-40A9-920B-09BDEAA1A9D8}.Release|Mixed Platforms.Build.0 = Release|x86
		{36A76CAB-C0C6-40A9-920B-09BDEAA1A9D8}.Release|x86.ActiveCfg = Release|x86
		{36A76CAB-C0C6-40A9-920B-09BDEAA1A9D8}.Release|x86.Build.0 = Release|x86
		{288F7E13-FC43-4BB8-B90C-36FDB49208A5}.Debug|Any CPU.ActiveCfg = Debug|x86
		{288F7E13-FC43-4BB8-B90C-36FDB49208A5}.Debug|Mixed Platforms.ActiveCfg = Debug|x86
		{288F7E13-FC43-4BB8-B90C-36FDB49208A5}.Debug|Mixed Platforms.Build.0 = Debug|x86
		{288F7E13-FC43-4BB8-B90C-36FDB49208A5}.Debug|x86.ActiveCfg = Debug|x86
		{288F7E13-FC43-4BB8-B90C-36FDB49208A5}.Debug|x86.Build.0 = Debug|x86
		{288F7E13-FC43-4BB8-B90C-36FDB49208A5}.Release|Any CPU.ActiveCfg = Release|x86
		{288F7E13-FC43-4BB8-B90C-36FDB49208A5}.Release|Mixed Platforms.ActiveCfg = Release|x86
		{288F7E13-FC43-4BB8-B90C-36FDB49208A5}.Release|Mixed Platforms.Build.0 = Release|x86
		{288F7E13-FC43-4BB8-B90C-36FDB49208A5}.Release|x86.ActiveCfg = Release|x86
		{288F7E13-FC43-4BB8-B90C-36FDB49208A5}.Release|x86.Build.0 = Release|x86
		{D46B2942-C454-41E7-947D-725B883F7DBE}.Debug|Any CPU.ActiveCfg = Debug|x86
		{D46B2942-C454-41E7-947D-725B883F7DBE}.Debug|Mixed Platforms.ActiveCfg = Debug|x86
		{D46B2942-C454-41E7-947D-725B883F7DBE}.Debug|Mixed Platforms.Build.0 = Debug|x86
		{D46B2942-C454-41E7-947D-725B883F7DBE}.Debug|x86.ActiveCfg = Debug|x86
		{D46B2942-C454-41E7-947D-725B883F7DBE}.Debug|x86.Build.0 = Debug|x86
		{D46B2942-C454-41E7-947D-725B883F7DBE}.Release|Any CPU.ActiveCfg = Release|x86
		{D46B2942-C454-41E7-947D-725B883F7DBE}.Release|Mixed Platforms.ActiveCfg = Release|x86
		{D46B2942-C454-41E7-947D-725B883F7DBE}.Release|Mixed Platforms.Build.0 = Release|x86
		{D46B2942-C454-41E7-947D-725B883F7DBE}.Release|x86.ActiveCfg = Release|x86
		{D46B2942-C454-41E7-947D-725B883F7DBE}.Release|x86.Build.0 = Release|x86
		{966C5D9E-79BD-469B-A533-203220A1AE02}.Debug|Any CPU.ActiveCfg = Debug|x86
		{966C5D9E-79BD-469B-A533-203220A1AE02}.Debug|Mixed Platforms.ActiveCfg = Debug|x86
		{966C5D9E-79BD-469B-A533-203220A1AE02}.Debug|Mixed Platforms.Build.0 = Debug|x86
		{966C5D9E-79BD-469B-A533-203220A1AE02}.Debug|x86.ActiveCfg = Debug|x86
		{966C5D9E-79BD-469B-A533-203220A1AE02}.Debug|x86.Build.0 = Debug|x86
		{966C5D9E-79BD-469B-A533-203220A1AE02}.Release|Any CPU.ActiveCfg = Release|x86
		{966C5D9E-79BD-469B-A533-203220A1AE02}.Release|Mixed Platforms.ActiveCfg = Release|x86
		{966C5D9E-79BD-469B-A533-203220A1AE02}.Release|Mixed Platforms.Build.0 = Release|x86
		{966C5D9E-79BD-469B-A533-203220A1AE02}.Release|x86.ActiveCfg = Release|x86
		{966C5D9E-79BD-469B-A533-203220A1AE02}.Release|x86.Build.0 = Release|x86
		{E510CEA5-E17F-4A9D-A144-D21FCB9D307C}.Debug|Any CPU.ActiveCfg = Debug|x86
		{E510CEA5-E17F-4A9D-A144-D21FCB9D307C}.Debug|Mixed Platforms.ActiveCfg = Debug|x86
		{E510CEA5-E17F-4A9D-A144-D21FCB9D307C}.Debug|Mixed Platforms.Build.0 = Debug|x86
		{E510CEA5-E17F-4A9D-A144-D21FCB9D307C}.Debug|x86.ActiveCfg = Debug|x86
		{E510CEA5-E17F-4A9D-A144-D21FCB9D307C}.Debug|x86.Build.0 = Debug|x86
		{E510CEA5-E17F-4A9D-A144-D21FCB9D307C}.Release|Any CPU.ActiveCfg = Release|x86
		{E510CEA5-E17F-4A9D-A144-D21FCB9D307C}.Release|Mixed Platforms.ActiveCfg = Release|x86
		{E510CEA5-E17F-4A9D-A144-D21FCB9D307C}.Release|Mixed Platforms.Build.0 = Release|x86
		{E510CEA5-E17F-4A9D-A144-D21FCB9D307C}.Release|x86.ActiveCfg = Release|x86
		{E510CEA5-E17F-4A9D-A144-D21FCB9D307C}.Release|x86.Build.0 = Release|x86
		{D50006A8-5551-41A7-8988-6ED400F5CD50}.Debug|Any CPU.ActiveCfg = Debug|x86
		{D50006A8-5551-41A7-8988-6ED400F5CD50}.Debug|Mixed Platforms.ActiveCfg = Debug|x86
		{D50006A8-5551-41A7-8988-6ED400F5CD50}.Debug|Mixed Platforms.Build.0 = Debug|x86
		{D50006A8-5551-41A7-8988-6ED400F5CD50}.Debug|x86.ActiveCfg = Debug|x86
		{D50006A8-5551-41A7-8988-6ED400F5CD50}.Debug|x86.Build.0 = Debug|x86
		{D50006A8-5551-41A7-8988-6ED400F5CD50}.Release|Any CPU.ActiveCfg = Release|x86
		{D50006A8-5551-41A7-8988-6ED400F5CD50}.Release|Mixed Platforms.ActiveCfg = Release|x86
		{D50006A8-5551-41A7-8988-6ED400F5CD50}.Release|Mixed Platforms.Build.0 = Release|x86
		{D50006A8-5551-41A7-8988-6ED400F5CD50}.Release|x86.ActiveCfg = Release|x86
		{D50006A8-5551-41A7-8988-6ED400F5CD50}.Release|x86.Build.0 = Release|x86
		{0FC5D18A-E78F-470B-B7AE-AA489CBE3E86}.Debug|Any CPU.ActiveCfg = Debug|x86
		{0FC5D18A-E78F-470B-B7AE-AA489CBE3E86}.Debug|Mixed Platforms.ActiveCfg = Debug|x86
		{0FC5D18A-E78F-470B-B7AE-AA489CBE3E86}.Debug|Mixed Platforms.Build.0 = Debug|x86
		{0FC5D18A-E78F-470B-B7AE-AA489CBE3E86}.Debug|x86.ActiveCfg = Debug|x86
		{0FC5D18A-E78F-470B-B7AE-AA489CBE3E86}.Debug|x86.Build.0 = Debug|x86
		{0FC5D18A-E78F-470B-B7AE-AA489CBE3E86}.Release|Any CPU.ActiveCfg = Release|x86
		{0FC5D18A-E78F-470B-B7AE-AA489CBE3E86}.Release|Mixed Platforms.ActiveCfg = Release|x86
		{0FC5D18A-E78F-470B-B7AE-AA489CBE3E86}.Release|Mixed Platforms.Build.0 = Release|x86
		{0FC5D18A-E78F-470B-B7AE-AA489CBE3E86}.Release|x86.ActiveCfg = Release|x86
		{0FC5D18A-E78F-470B-B7AE-AA489CBE3E86}.Release|x86.Build.0 = Release|x86
		{D961D841-33F6-4A56-BFF1-C3B684A35342}.Debug|Any CPU.ActiveCfg = Debug|x86
		{D961D841-33F6-4A56-BFF1-C3B684A35342}.Debug|Mixed Platforms.ActiveCfg = Debug|x86
		{D961D841-33F6-4A56-BFF1-C3B684A35342}.Debug|Mixed Platforms.Build.0 = Debug|x86
		{D961D841-33F6-4A56-BFF1-C3B684A35342}.Debug|x86.ActiveCfg = Debug|x86
		{D961D841-33F6-4A56-BFF1-C3B684A35342}.Debug|x86.Build.0 = Debug|x86
		{D961D841-33F6-4A56-BFF1-C3B684A35342}.Release|Any CPU.ActiveCfg = Release|x86
		{D961D841-33F6-4A56-BFF1-C3B684A35342}.Release|Mixed Platforms.ActiveCfg = Release|x86
		{D961D841-33F6-4A56-BFF1-C3B684A35342}.Release|Mixed Platforms.Build.0 = Release|x86
		{D961D841-33F6-4A56-BFF1-C3B684A35342}.Release|x86.ActiveCfg = Release|x86
		{D961D841-33F6-4A56-BFF1-C3B684A35342}.Release|x86.Build.0 = Release|x86
		{E132AD73-67C7-49E7-9133-8BBE0D96FC29}.Debug|Any CPU.ActiveCfg = Debug|x86
		{E132AD73-67C7-49E7-9133-8BBE0D96FC29}.Debug|Mixed Platforms.ActiveCfg = Debug|x86
		{E132AD73-67C7-49E7-9133-8BBE0D96FC29}.Debug|Mixed Platforms.Build.0 = Debug|x86
		{E132AD73-67C7-49E7-9133-8BBE0D96FC29}.Debug|x86.ActiveCfg = Debug|x86
		{E132AD73-67C7-49E7-9133-8BBE0D96FC29}.Debug|x86.Build.0 = Debug|x86
		{E132AD73-67C7-49E7-9133-8BBE0D96FC29}.Release|Any CPU.ActiveCfg = Release|x86
		{E132AD73-67C7-49E7-9133-8BBE0D96FC29}.Release|Mixed Platforms.ActiveCfg = Release|x86
		{E132AD73-67C7-49E7-9133-8BBE0D96FC29}.Release|Mixed Platforms.Build.0 = Release|x86
		{E132AD73-67C7-49E7-9133-8BBE0D96FC29}.Release|x86.ActiveCfg = Release|x86
		{E132AD73-67C7-49E7-9133-8BBE0D96FC29}.Release|x86.Build.0 = Release|x86
		{9276756E-F678-445A-A4E7-07EB28FEFA6E}.Debug|Any CPU.ActiveCfg = Debug|x86
		{9276756E-F678-445A-A4E7-07EB28FEFA6E}.Debug|Mixed Platforms.ActiveCfg = Debug|x86
		{9276756E-F678-445A-A4E7-07EB28FEFA6E}.Debug|Mixed Platforms.Build.0 = Debug|x86
		{9276756E-F678-445A-A4E7-07EB28FEFA6E}.Debug|x86.ActiveCfg = Debug|x86
		{9276756E-F678-445A-A4E7-07EB28FEFA6E}.Debug|x86.Build.0 = Debug|x86
		{9276756E-F678-445A-A4E7-07EB28FEFA6E}.Release|Any CPU.ActiveCfg = Release|x86
		{9276756E-F678-445A-A4E7-07EB28FEFA6E}.Release|Mixed Platforms.ActiveCfg = Release|x86
		{9276756E-F678-445A-A4E7-07EB28FEFA6E}.Release|Mixed Platforms.Build.0 = Release|x86
		{9276756E-F678-445A-A4E7-07EB28FEFA6E}.Release|x86.ActiveCfg = Release|x86
		{9276756E-F678-445A-A4E7-07EB28FEFA6E}.Release|x86.Build.0 = Release|x86
		{A5A2D3D6-EAC2-4857-A58E-4D4B9EDFD95B}.Debug|Any CPU.ActiveCfg = Debug|x86
		{A5A2D3D6-EAC2-4857-A58E-4D4B9EDFD95B}.Debug|Mixed Platforms.ActiveCfg = Debug|x86
		{A5A2D3D6-EAC2-4857-A58E-4D4B9EDFD95B}.Debug|Mixed Platforms.Build.0 = Debug|x86
		{A5A2D3D6-EAC2-4857-A58E-4D4B9EDFD95B}.Debug|x86.ActiveCfg = Debug|x86
		{A5A2D3D6-EAC2-4857-A58E-4D4B9EDFD95B}.Debug|x86.Build.0 = Debug|x86
		{A5A2D3D6-EAC2-4857-A58E-4D4B9EDFD95B}.Release|Any CPU.ActiveCfg = Release|x86
		{A5A2D3D6-EAC2-4857-A58E-4D4B9EDFD95B}.Release|Mixed Platforms.ActiveCfg = Release|x86
		{A5A2D3D6-EAC2-4857-A58E-4D4B9EDFD95B}.Release|Mixed Platforms.Build.0 = Release|x86
		{A5A2D3D6-EAC2-4857-A58E-4D4B9EDFD95B}.Release|x86.ActiveCfg = Release|x86
		{A5A2D3D6-EAC2-4857-A58E-4D4B9EDFD95B}.Release|x86.Build.0 = Release|x86
		{13E6F4E0-110B-4DBC-9A03-E58FCD542C05}.Debug|Any CPU.ActiveCfg = Debug|x86
		{13E6F4E0-110B-4DBC-9A03-E58FCD542C05}.Debug|Mixed Platforms.ActiveCfg = Debug|x86
		{13E6F4E0-110B-4DBC-9A03-E58FCD542C05}.Debug|Mixed Platforms.Build.0 = Debug|x86
		{13E6F4E0-110B-4DBC-9A03-E58FCD542C05}.Debug|x86.ActiveCfg = Debug|x86
		{13E6F4E0-110B-4DBC-9A03-E58FCD542C05}.Debug|x86.Build.0 = Debug|x86
		{13E6F4E0-110B-4DBC-9A03-E58FCD542C05}.Release|Any CPU.ActiveCfg = Release|x86
		{13E6F4E0-110B-4DBC-9A03-E58FCD542C05}.Release|Mixed Platforms.ActiveCfg = Release|x86
		{13E6F4E0-110B-4DBC-9A03-E58FCD542C05}.Release|Mixed Platforms.Build.0 = Release|x86
		{13E6F4E0-110B-4DBC-9A03-E58FCD542C05}.Release|x86.ActiveCfg = Release|x86
		{13E6F4E0-110B-4DBC-9A03-E58FCD542C05}.Release|x86.Build.0 = Release|x86
	EndGlobalSection
	GlobalSection(SolutionProperties) = preSolution
		HideSolutionNode = FALSE
	EndGlobalSection
	GlobalSection(NestedProjects) = preSolution
		{164D94C9-2D5A-483D-A784-A8F2B8F1E929} = {7C609BE7-FDF2-4624-AED3-0E9B9201DC57}
		{6061FDFA-046F-468B-8761-44B4AE5891C1} = {7C609BE7-FDF2-4624-AED3-0E9B9201DC57}
		{9DCDF6FF-955A-4EC6-9299-CF520355748D} = {7C609BE7-FDF2-4624-AED3-0E9B9201DC57}
		{887D98F5-642C-42EB-9BD1-7518638D7B53} = {C12A0960-97AA-4AF6-AE24-18E82AED0B54}
		{AC927DCA-BA5D-4877-8F18-B0685DF98A83} = {292620B6-EED1-4C1E-B306-BD413277CBE3}
		{214DF1E6-A319-4B65-A56B-8768D71CEA2E} = {292620B6-EED1-4C1E-B306-BD413277CBE3}
		{2502EC9A-239A-4029-98BD-C0969DB3442D} = {292620B6-EED1-4C1E-B306-BD413277CBE3}
		{33E073E7-55F4-4F0C-BBF7-3400FC22D7EB} = {D60A1685-F5DD-4EF4-941F-A8752CEF07FF}
		{C10DBF57-AC52-4FE5-9FE5-559D1CFCD9B4} = {164D94C9-2D5A-483D-A784-A8F2B8F1E929}
		{910358D6-46C8-4F53-9D5F-950CBD89DA36} = {164D94C9-2D5A-483D-A784-A8F2B8F1E929}
		{1550C9C0-7D26-4C83-84C6-7231F05310DA} = {6061FDFA-046F-468B-8761-44B4AE5891C1}
		{6A6ED0E0-A757-4989-ACC1-5DEE7E4CF23F} = {6061FDFA-046F-468B-8761-44B4AE5891C1}
		{05B32742-1DC2-4B86-8BD8-A07C36588BB2} = {6061FDFA-046F-468B-8761-44B4AE5891C1}
		{06876AEE-0715-4A43-B226-025B6656BDCB} = {6061FDFA-046F-468B-8761-44B4AE5891C1}
		{143AEC48-116E-46B9-8E71-8B387E65904F} = {6061FDFA-046F-468B-8761-44B4AE5891C1}
		{36A76CAB-C0C6-40A9-920B-09BDEAA1A9D8} = {6061FDFA-046F-468B-8761-44B4AE5891C1}
		{288F7E13-FC43-4BB8-B90C-36FDB49208A5} = {6061FDFA-046F-468B-8761-44B4AE5891C1}
		{D46B2942-C454-41E7-947D-725B883F7DBE} = {6061FDFA-046F-468B-8761-44B4AE5891C1}
		{2672AB6C-AB70-43F9-AE2B-9938F6837F0A} = {910358D6-46C8-4F53-9D5F-950CBD89DA36}
		{EC6367E6-CAD7-48C1-BCD2-322A2B386CC8} = {9DCDF6FF-955A-4EC6-9299-CF520355748D}
		{00D337F5-92FD-4EDE-B5B8-1985A6E8AC1A} = {1550C9C0-7D26-4C83-84C6-7231F05310DA}
		{966C5D9E-79BD-469B-A533-203220A1AE02} = {AC927DCA-BA5D-4877-8F18-B0685DF98A83}
		{E510CEA5-E17F-4A9D-A144-D21FCB9D307C} = {214DF1E6-A319-4B65-A56B-8768D71CEA2E}
		{D50006A8-5551-41A7-8988-6ED400F5CD50} = {214DF1E6-A319-4B65-A56B-8768D71CEA2E}
		{0FC5D18A-E78F-470B-B7AE-AA489CBE3E86} = {214DF1E6-A319-4B65-A56B-8768D71CEA2E}
		{D961D841-33F6-4A56-BFF1-C3B684A35342} = {887D98F5-642C-42EB-9BD1-7518638D7B53}
		{9276756E-F678-445A-A4E7-07EB28FEFA6E} = {887D98F5-642C-42EB-9BD1-7518638D7B53}
		{A5A2D3D6-EAC2-4857-A58E-4D4B9EDFD95B} = {887D98F5-642C-42EB-9BD1-7518638D7B53}
		{E132AD73-67C7-49E7-9133-8BBE0D96FC29} = {2502EC9A-239A-4029-98BD-C0969DB3442D}
		{13E6F4E0-110B-4DBC-9A03-E58FCD542C05} = {33E073E7-55F4-4F0C-BBF7-3400FC22D7EB}
	EndGlobalSection
EndGlobal
