
Microsoft Visual Studio Solution File, Format Version 10.00
# Visual Studio 2008
Project("{2150E333-8FDC-42A3-9474-1A3956D46DE8}") = "Part5-New", "Part5-New", "{6E166199-E57D-4EC0-BC0F-5945540CCFCF}"
EndProject
Project("{2150E333-8FDC-42A3-9474-1A3956D46DE8}") = "Ch12_NewFeature", "Ch12_NewFeature", "{8ED5D951-3682-49D0-BAB1-F7C56D506ECB}"
EndProject
Project("{2150E333-8FDC-42A3-9474-1A3956D46DE8}") = "12_2_CSharp3", "12_2_CSharp3", "{B4A4FBC8-A0D8-4387-93D0-A326F3C530B4}"
EndProject
Project("{2150E333-8FDC-42A3-9474-1A3956D46DE8}") = "12_3_Linq", "12_3_Linq", "{5287C22A-6AB2-43C1-8D59-62F8BEB4D83E}"
EndProject
Project("{2150E333-8FDC-42A3-9474-1A3956D46DE8}") = "12_4_VS2008", "12_4_VS2008", "{3CB0BE78-99A3-47E6-89EE-38F2F9F127A6}"
EndProject
Project("{2150E333-8FDC-42A3-9474-1A3956D46DE8}") = "12_5_W3", "12_5_W3", "{AF68F520-311F-4E1E-82BA-C27D4B774A4C}"
EndProject
Project("{FAE04EC0-301F-11D3-BF4B-00C04F79EFBC}") = "12_2_CSharp3", "..\Part5_New\Ch12_NewFeature\12_2_CSharp3\12_2_CSharp3.csproj", "{4A9A8B87-196C-4ECF-A75B-9307324301F2}"
EndProject
Project("{FAE04EC0-301F-11D3-BF4B-00C04F79EFBC}") = "12_3_Linq", "..\Part5_New\Ch12_NewFeature\12_3_Linq\12_3_Linq.csproj", "{7BCF85FE-CC16-4EDD-9741-0034C52FBD54}"
EndProject
Project("{FAE04EC0-301F-11D3-BF4B-00C04F79EFBC}") = "12_4_VS2008", "..\Part5_New\Ch12_NewFeature\12_4_VS2008\12_4_VS2008.csproj", "{A40356B7-509A-49EF-8534-76EBA91C7CED}"
EndProject
Project("{FAE04EC0-301F-11D3-BF4B-00C04F79EFBC}") = "12_5_W3", "..\Part5_New\Ch12_NewFeature\12_5_W3\12_5_W3.csproj", "{2A0B6C77-04E2-4466-8ABD-CFA475534643}"
EndProject
Global
	GlobalSection(SolutionConfigurationPlatforms) = preSolution
		Debug|Any CPU = Debug|Any CPU
		Release|Any CPU = Release|Any CPU
	EndGlobalSection
	GlobalSection(ProjectConfigurationPlatforms) = postSolution
		{4A9A8B87-196C-4ECF-A75B-9307324301F2}.Debug|Any CPU.ActiveCfg = Debug|Any CPU
		{4A9A8B87-196C-4ECF-A75B-9307324301F2}.Debug|Any CPU.Build.0 = Debug|Any CPU
		{4A9A8B87-196C-4ECF-A75B-9307324301F2}.Release|Any CPU.ActiveCfg = Release|Any CPU
		{4A9A8B87-196C-4ECF-A75B-9307324301F2}.Release|Any CPU.Build.0 = Release|Any CPU
		{7BCF85FE-CC16-4EDD-9741-0034C52FBD54}.Debug|Any CPU.ActiveCfg = Debug|Any CPU
		{7BCF85FE-CC16-4EDD-9741-0034C52FBD54}.Debug|Any CPU.Build.0 = Debug|Any CPU
		{7BCF85FE-CC16-4EDD-9741-0034C52FBD54}.Release|Any CPU.ActiveCfg = Release|Any CPU
		{7BCF85FE-CC16-4EDD-9741-0034C52FBD54}.Release|Any CPU.Build.0 = Release|Any CPU
		{A40356B7-509A-49EF-8534-76EBA91C7CED}.Debug|Any CPU.ActiveCfg = Debug|Any CPU
		{A40356B7-509A-49EF-8534-76EBA91C7CED}.Debug|Any CPU.Build.0 = Debug|Any CPU
		{A40356B7-509A-49EF-8534-76EBA91C7CED}.Release|Any CPU.ActiveCfg = Release|Any CPU
		{A40356B7-509A-49EF-8534-76EBA91C7CED}.Release|Any CPU.Build.0 = Release|Any CPU
		{2A0B6C77-04E2-4466-8ABD-CFA475534643}.Debug|Any CPU.ActiveCfg = Debug|Any CPU
		{2A0B6C77-04E2-4466-8ABD-CFA475534643}.Debug|Any CPU.Build.0 = Debug|Any CPU
		{2A0B6C77-04E2-4466-8ABD-CFA475534643}.Release|Any CPU.ActiveCfg = Release|Any CPU
		{2A0B6C77-04E2-4466-8ABD-CFA475534643}.Release|Any CPU.Build.0 = Release|Any CPU
	EndGlobalSection
	GlobalSection(SolutionProperties) = preSolution
		HideSolutionNode = FALSE
	EndGlobalSection
	GlobalSection(NestedProjects) = preSolution
		{8ED5D951-3682-49D0-BAB1-F7C56D506ECB} = {6E166199-E57D-4EC0-BC0F-5945540CCFCF}
		{B4A4FBC8-A0D8-4387-93D0-A326F3C530B4} = {8ED5D951-3682-49D0-BAB1-F7C56D506ECB}
		{5287C22A-6AB2-43C1-8D59-62F8BEB4D83E} = {8ED5D951-3682-49D0-BAB1-F7C56D506ECB}
		{3CB0BE78-99A3-47E6-89EE-38F2F9F127A6} = {8ED5D951-3682-49D0-BAB1-F7C56D506ECB}
		{AF68F520-311F-4E1E-82BA-C27D4B774A4C} = {8ED5D951-3682-49D0-BAB1-F7C56D506ECB}
		{4A9A8B87-196C-4ECF-A75B-9307324301F2} = {B4A4FBC8-A0D8-4387-93D0-A326F3C530B4}
		{7BCF85FE-CC16-4EDD-9741-0034C52FBD54} = {5287C22A-6AB2-43C1-8D59-62F8BEB4D83E}
		{A40356B7-509A-49EF-8534-76EBA91C7CED} = {3CB0BE78-99A3-47E6-89EE-38F2F9F127A6}
		{2A0B6C77-04E2-4466-8ABD-CFA475534643} = {AF68F520-311F-4E1E-82BA-C27D4B774A4C}
	EndGlobalSection
EndGlobal
