
Microsoft Visual Studio Solution File, Format Version 10.00
# Visual Studio 2008
Project("{FAE04EC0-301F-11D3-BF4B-00C04F79EFBC}") = "WPFApp", "WPFApp\WPFApp.csproj", "{F8E0984B-6121-402B-9078-3F0E7A147319}"
EndProject
Global
	GlobalSection(SolutionConfigurationPlatforms) = preSolution
		Debug|Any CPU = Debug|Any CPU
		Release|Any CPU = Release|Any CPU
	EndGlobalSection
	GlobalSection(ProjectConfigurationPlatforms) = postSolution
		{F8E0984B-6121-402B-9078-3F0E7A147319}.Debug|Any CPU.ActiveCfg = Debug|Any CPU
		{F8E0984B-6121-402B-9078-3F0E7A147319}.Debug|Any CPU.Build.0 = Debug|Any CPU
		{F8E0984B-6121-402B-9078-3F0E7A147319}.Release|Any CPU.ActiveCfg = Release|Any CPU
		{F8E0984B-6121-402B-9078-3F0E7A147319}.Release|Any CPU.Build.0 = Release|Any CPU
	EndGlobalSection
	GlobalSection(SolutionProperties) = preSolution
		HideSolutionNode = FALSE
	EndGlobalSection
EndGlobal
